
Microsoft Visual Studio Solution File, Format Version 12.00
# Visual Studio Version 16
VisualStudioVersion = 16.0.30804.86
MinimumVisualStudioVersion = 10.0.40219.1
Project("{2150E333-8FDC-42A3-9474-1A3956D46DE8}") = "Source", "Source", "{C7E15CAE-B298-46C0-BDC2-FB767B763BB3}"
EndProject
Project("{2150E333-8FDC-42A3-9474-1A3956D46DE8}") = "Tests", "Tests", "{13ED9E05-454A-450E-B328-B585C43F5F2E}"
EndProject
Project("{2150E333-8FDC-42A3-9474-1A3956D46DE8}") = "Services", "Services", "{0DE95B69-1D2D-423C-BFC2-E4BABE3898AC}"
EndProject
Project("{2150E333-8FDC-42A3-9474-1A3956D46DE8}") = "SharedKernel", "SharedKernel", "{B31515D6-AD7D-41EC-ADCE-18B770032998}"
EndProject
Project("{2150E333-8FDC-42A3-9474-1A3956D46DE8}") = "Core", "Core", "{8D948D10-CD6C-4A48-91DF-55ACFB1B5FB1}"
EndProject
Project("{2150E333-8FDC-42A3-9474-1A3956D46DE8}") = "MessageBus", "MessageBus", "{05BB7B11-F06C-492B-92DD-638885CCE194}"
EndProject
Project("{2150E333-8FDC-42A3-9474-1A3956D46DE8}") = "Services", "Services", "{53C78699-AB81-4E65-952F-42CC067F78ED}"
EndProject
Project("{9A19103F-16F7-4668-BE54-9A1E7A4F7556}") = "ROR.Core", "src\SharedKernel\ROR.Core\ROR.Core.csproj", "{A5611C9A-EE3F-4C12-A1BC-0DACF4661837}"
EndProject
Project("{9A19103F-16F7-4668-BE54-9A1E7A4F7556}") = "ROR.MessageBus", "src\SharedKernel\ROR.MessageBus\ROR.MessageBus.csproj", "{28468483-665A-4149-9DEF-97C95F7F84D6}"
EndProject
Project("{9A19103F-16F7-4668-BE54-9A1E7A4F7556}") = "ROR.WebAPI.Core", "src\SharedKernel\ROR.WebAPI.Core\ROR.WebAPI.Core.csproj", "{7AD21AA6-8A05-45B5-AE53-9C74CC160713}"
EndProject
Project("{2150E333-8FDC-42A3-9474-1A3956D46DE8}") = "Order", "Order", "{D33008BC-B6D2-4C48-B4AD-EC126B88DB0E}"
EndProject
Project("{9A19103F-16F7-4668-BE54-9A1E7A4F7556}") = "ROR.Orders.API", "src\Services\ROR.Order.API\ROR.Orders.API.csproj", "{2CE1418C-5B4D-4321-A5FB-2D2437AFC176}"
EndProject
Project("{9A19103F-16F7-4668-BE54-9A1E7A4F7556}") = "ROR.Orders.Domain", "src\Services\ROR.Order.Domain\ROR.Orders.Domain.csproj", "{2D7B3E20-CF16-43EF-9805-E01ED065DD69}"
EndProject
Project("{9A19103F-16F7-4668-BE54-9A1E7A4F7556}") = "ROR.Orders.Infra", "src\Services\ROR.Order.Infra\ROR.Orders.Infra.csproj", "{EC78A985-E27A-414D-8319-312692297AE6}"
EndProject
Project("{2150E333-8FDC-42A3-9474-1A3956D46DE8}") = "Kitchens", "Kitchens", "{1FDEEF92-8C85-49D6-8327-181C934D5F3D}"
EndProject
Project("{2150E333-8FDC-42A3-9474-1A3956D46DE8}") = "Fries", "Fries", "{B73707E1-9C2E-4B9D-ADD4-544B4445458B}"
EndProject
Project("{2150E333-8FDC-42A3-9474-1A3956D46DE8}") = "Grill", "Grill", "{A708B804-E23D-4A29-A022-CEA0C6164EB5}"
EndProject
Project("{2150E333-8FDC-42A3-9474-1A3956D46DE8}") = "Salad", "Salad", "{AEE199E6-B721-47A9-A712-EFEE6F706CC0}"
EndProject
Project("{2150E333-8FDC-42A3-9474-1A3956D46DE8}") = "Desert", "Desert", "{46D62FB1-080C-483F-8012-B472B71B8038}"
EndProject
Project("{2150E333-8FDC-42A3-9474-1A3956D46DE8}") = "Drink", "Drink", "{B6BDEE2C-0444-4973-B6FB-9927391B0641}"
EndProject
Project("{FAE04EC0-301F-11D3-BF4B-00C04F79EFBC}") = "ROR.Kitchen.API", "src\Services\ROR.Kitchen.API\ROR.Kitchen.API.csproj", "{C2945DBC-5AB6-479A-A024-6B88FE967EA6}"
EndProject
Project("{FAE04EC0-301F-11D3-BF4B-00C04F79EFBC}") = "ROR.DesertKitchen.Application", "src\Services\ROR.DesertKitchen.Application\ROR.DesertKitchen.Application.csproj", "{6055C53B-3359-4296-AA41-E211096AF0D9}"
EndProject
Project("{FAE04EC0-301F-11D3-BF4B-00C04F79EFBC}") = "ROR.DrinkKitchen.Application", "src\Services\ROR.DrinkKitchen.Application\ROR.DrinkKitchen.Application.csproj", "{5C64CCC5-DCD0-44AF-A72D-EC0987559ACF}"
EndProject
Project("{FAE04EC0-301F-11D3-BF4B-00C04F79EFBC}") = "ROR.FriesKitchen.Application", "src\Services\ROR.FriesKitchen.Application\ROR.FriesKitchen.Application.csproj", "{8BAE9967-C41D-4C89-B6DB-FE53352C9B2D}"
EndProject
Project("{FAE04EC0-301F-11D3-BF4B-00C04F79EFBC}") = "ROR.GrillKitchen.Application", "src\Services\ROR.GrillKitchen.Application\ROR.GrillKitchen.Application.csproj", "{64A0BD0E-54B1-461C-B6A2-1DB0B7889EA5}"
EndProject
Project("{FAE04EC0-301F-11D3-BF4B-00C04F79EFBC}") = "ROR.SaladKitchen.Application", "src\Services\ROR.SaladKitchen.Application\ROR.SaladKitchen.Application.csproj", "{EE14DFB8-423C-4373-A5E5-14A2DD59C485}"
EndProject
Project("{2150E333-8FDC-42A3-9474-1A3956D46DE8}") = "Core", "Core", "{4C19A2F4-5B2A-4BF6-8BBC-2B86D801779F}"
EndProject
Project("{FAE04EC0-301F-11D3-BF4B-00C04F79EFBC}") = "ROR.Kitchen.Core", "src\Services\ROR.Kitchen.Core\ROR.Kitchen.Core.csproj", "{8EBBEA2A-EEF9-49FF-8B19-0BE13F20478E}"
EndProject
Global
	GlobalSection(SolutionConfigurationPlatforms) = preSolution
		Debug|Any CPU = Debug|Any CPU
		Release|Any CPU = Release|Any CPU
	EndGlobalSection
	GlobalSection(ProjectConfigurationPlatforms) = postSolution
		{A5611C9A-EE3F-4C12-A1BC-0DACF4661837}.Debug|Any CPU.ActiveCfg = Debug|Any CPU
		{A5611C9A-EE3F-4C12-A1BC-0DACF4661837}.Debug|Any CPU.Build.0 = Debug|Any CPU
		{A5611C9A-EE3F-4C12-A1BC-0DACF4661837}.Release|Any CPU.ActiveCfg = Release|Any CPU
		{A5611C9A-EE3F-4C12-A1BC-0DACF4661837}.Release|Any CPU.Build.0 = Release|Any CPU
		{28468483-665A-4149-9DEF-97C95F7F84D6}.Debug|Any CPU.ActiveCfg = Debug|Any CPU
		{28468483-665A-4149-9DEF-97C95F7F84D6}.Debug|Any CPU.Build.0 = Debug|Any CPU
		{28468483-665A-4149-9DEF-97C95F7F84D6}.Release|Any CPU.ActiveCfg = Release|Any CPU
		{28468483-665A-4149-9DEF-97C95F7F84D6}.Release|Any CPU.Build.0 = Release|Any CPU
		{7AD21AA6-8A05-45B5-AE53-9C74CC160713}.Debug|Any CPU.ActiveCfg = Debug|Any CPU
		{7AD21AA6-8A05-45B5-AE53-9C74CC160713}.Debug|Any CPU.Build.0 = Debug|Any CPU
		{7AD21AA6-8A05-45B5-AE53-9C74CC160713}.Release|Any CPU.ActiveCfg = Release|Any CPU
		{7AD21AA6-8A05-45B5-AE53-9C74CC160713}.Release|Any CPU.Build.0 = Release|Any CPU
		{2CE1418C-5B4D-4321-A5FB-2D2437AFC176}.Debug|Any CPU.ActiveCfg = Debug|Any CPU
		{2CE1418C-5B4D-4321-A5FB-2D2437AFC176}.Debug|Any CPU.Build.0 = Debug|Any CPU
		{2CE1418C-5B4D-4321-A5FB-2D2437AFC176}.Release|Any CPU.ActiveCfg = Release|Any CPU
		{2CE1418C-5B4D-4321-A5FB-2D2437AFC176}.Release|Any CPU.Build.0 = Release|Any CPU
		{2D7B3E20-CF16-43EF-9805-E01ED065DD69}.Debug|Any CPU.ActiveCfg = Debug|Any CPU
		{2D7B3E20-CF16-43EF-9805-E01ED065DD69}.Debug|Any CPU.Build.0 = Debug|Any CPU
		{2D7B3E20-CF16-43EF-9805-E01ED065DD69}.Release|Any CPU.ActiveCfg = Release|Any CPU
		{2D7B3E20-CF16-43EF-9805-E01ED065DD69}.Release|Any CPU.Build.0 = Release|Any CPU
		{EC78A985-E27A-414D-8319-312692297AE6}.Debug|Any CPU.ActiveCfg = Debug|Any CPU
		{EC78A985-E27A-414D-8319-312692297AE6}.Debug|Any CPU.Build.0 = Debug|Any CPU
		{EC78A985-E27A-414D-8319-312692297AE6}.Release|Any CPU.ActiveCfg = Release|Any CPU
		{EC78A985-E27A-414D-8319-312692297AE6}.Release|Any CPU.Build.0 = Release|Any CPU
		{C2945DBC-5AB6-479A-A024-6B88FE967EA6}.Debug|Any CPU.ActiveCfg = Debug|Any CPU
		{C2945DBC-5AB6-479A-A024-6B88FE967EA6}.Debug|Any CPU.Build.0 = Debug|Any CPU
		{C2945DBC-5AB6-479A-A024-6B88FE967EA6}.Release|Any CPU.ActiveCfg = Release|Any CPU
		{C2945DBC-5AB6-479A-A024-6B88FE967EA6}.Release|Any CPU.Build.0 = Release|Any CPU
		{6055C53B-3359-4296-AA41-E211096AF0D9}.Debug|Any CPU.ActiveCfg = Debug|Any CPU
		{6055C53B-3359-4296-AA41-E211096AF0D9}.Debug|Any CPU.Build.0 = Debug|Any CPU
		{6055C53B-3359-4296-AA41-E211096AF0D9}.Release|Any CPU.ActiveCfg = Release|Any CPU
		{6055C53B-3359-4296-AA41-E211096AF0D9}.Release|Any CPU.Build.0 = Release|Any CPU
		{5C64CCC5-DCD0-44AF-A72D-EC0987559ACF}.Debug|Any CPU.ActiveCfg = Debug|Any CPU
		{5C64CCC5-DCD0-44AF-A72D-EC0987559ACF}.Debug|Any CPU.Build.0 = Debug|Any CPU
		{5C64CCC5-DCD0-44AF-A72D-EC0987559ACF}.Release|Any CPU.ActiveCfg = Release|Any CPU
		{5C64CCC5-DCD0-44AF-A72D-EC0987559ACF}.Release|Any CPU.Build.0 = Release|Any CPU
		{8BAE9967-C41D-4C89-B6DB-FE53352C9B2D}.Debug|Any CPU.ActiveCfg = Debug|Any CPU
		{8BAE9967-C41D-4C89-B6DB-FE53352C9B2D}.Debug|Any CPU.Build.0 = Debug|Any CPU
		{8BAE9967-C41D-4C89-B6DB-FE53352C9B2D}.Release|Any CPU.ActiveCfg = Release|Any CPU
		{8BAE9967-C41D-4C89-B6DB-FE53352C9B2D}.Release|Any CPU.Build.0 = Release|Any CPU
		{64A0BD0E-54B1-461C-B6A2-1DB0B7889EA5}.Debug|Any CPU.ActiveCfg = Debug|Any CPU
		{64A0BD0E-54B1-461C-B6A2-1DB0B7889EA5}.Debug|Any CPU.Build.0 = Debug|Any CPU
		{64A0BD0E-54B1-461C-B6A2-1DB0B7889EA5}.Release|Any CPU.ActiveCfg = Release|Any CPU
		{64A0BD0E-54B1-461C-B6A2-1DB0B7889EA5}.Release|Any CPU.Build.0 = Release|Any CPU
		{EE14DFB8-423C-4373-A5E5-14A2DD59C485}.Debug|Any CPU.ActiveCfg = Debug|Any CPU
		{EE14DFB8-423C-4373-A5E5-14A2DD59C485}.Debug|Any CPU.Build.0 = Debug|Any CPU
		{EE14DFB8-423C-4373-A5E5-14A2DD59C485}.Release|Any CPU.ActiveCfg = Release|Any CPU
		{EE14DFB8-423C-4373-A5E5-14A2DD59C485}.Release|Any CPU.Build.0 = Release|Any CPU
		{8EBBEA2A-EEF9-49FF-8B19-0BE13F20478E}.Debug|Any CPU.ActiveCfg = Debug|Any CPU
		{8EBBEA2A-EEF9-49FF-8B19-0BE13F20478E}.Debug|Any CPU.Build.0 = Debug|Any CPU
		{8EBBEA2A-EEF9-49FF-8B19-0BE13F20478E}.Release|Any CPU.ActiveCfg = Release|Any CPU
		{8EBBEA2A-EEF9-49FF-8B19-0BE13F20478E}.Release|Any CPU.Build.0 = Release|Any CPU
	EndGlobalSection
	GlobalSection(SolutionProperties) = preSolution
		HideSolutionNode = FALSE
	EndGlobalSection
	GlobalSection(NestedProjects) = preSolution
		{0DE95B69-1D2D-423C-BFC2-E4BABE3898AC} = {C7E15CAE-B298-46C0-BDC2-FB767B763BB3}
		{B31515D6-AD7D-41EC-ADCE-18B770032998} = {C7E15CAE-B298-46C0-BDC2-FB767B763BB3}
		{8D948D10-CD6C-4A48-91DF-55ACFB1B5FB1} = {B31515D6-AD7D-41EC-ADCE-18B770032998}
		{05BB7B11-F06C-492B-92DD-638885CCE194} = {B31515D6-AD7D-41EC-ADCE-18B770032998}
		{53C78699-AB81-4E65-952F-42CC067F78ED} = {B31515D6-AD7D-41EC-ADCE-18B770032998}
		{A5611C9A-EE3F-4C12-A1BC-0DACF4661837} = {8D948D10-CD6C-4A48-91DF-55ACFB1B5FB1}
		{28468483-665A-4149-9DEF-97C95F7F84D6} = {05BB7B11-F06C-492B-92DD-638885CCE194}
		{7AD21AA6-8A05-45B5-AE53-9C74CC160713} = {53C78699-AB81-4E65-952F-42CC067F78ED}
		{D33008BC-B6D2-4C48-B4AD-EC126B88DB0E} = {0DE95B69-1D2D-423C-BFC2-E4BABE3898AC}
		{2CE1418C-5B4D-4321-A5FB-2D2437AFC176} = {D33008BC-B6D2-4C48-B4AD-EC126B88DB0E}
		{2D7B3E20-CF16-43EF-9805-E01ED065DD69} = {D33008BC-B6D2-4C48-B4AD-EC126B88DB0E}
		{EC78A985-E27A-414D-8319-312692297AE6} = {D33008BC-B6D2-4C48-B4AD-EC126B88DB0E}
		{1FDEEF92-8C85-49D6-8327-181C934D5F3D} = {0DE95B69-1D2D-423C-BFC2-E4BABE3898AC}
		{B73707E1-9C2E-4B9D-ADD4-544B4445458B} = {1FDEEF92-8C85-49D6-8327-181C934D5F3D}
		{A708B804-E23D-4A29-A022-CEA0C6164EB5} = {1FDEEF92-8C85-49D6-8327-181C934D5F3D}
		{AEE199E6-B721-47A9-A712-EFEE6F706CC0} = {1FDEEF92-8C85-49D6-8327-181C934D5F3D}
		{46D62FB1-080C-483F-8012-B472B71B8038} = {1FDEEF92-8C85-49D6-8327-181C934D5F3D}
		{B6BDEE2C-0444-4973-B6FB-9927391B0641} = {1FDEEF92-8C85-49D6-8327-181C934D5F3D}
		{C2945DBC-5AB6-479A-A024-6B88FE967EA6} = {1FDEEF92-8C85-49D6-8327-181C934D5F3D}
		{6055C53B-3359-4296-AA41-E211096AF0D9} = {46D62FB1-080C-483F-8012-B472B71B8038}
		{5C64CCC5-DCD0-44AF-A72D-EC0987559ACF} = {B6BDEE2C-0444-4973-B6FB-9927391B0641}
		{8BAE9967-C41D-4C89-B6DB-FE53352C9B2D} = {B73707E1-9C2E-4B9D-ADD4-544B4445458B}
		{64A0BD0E-54B1-461C-B6A2-1DB0B7889EA5} = {A708B804-E23D-4A29-A022-CEA0C6164EB5}
		{EE14DFB8-423C-4373-A5E5-14A2DD59C485} = {AEE199E6-B721-47A9-A712-EFEE6F706CC0}
		{4C19A2F4-5B2A-4BF6-8BBC-2B86D801779F} = {1FDEEF92-8C85-49D6-8327-181C934D5F3D}
		{8EBBEA2A-EEF9-49FF-8B19-0BE13F20478E} = {4C19A2F4-5B2A-4BF6-8BBC-2B86D801779F}
	EndGlobalSection
	GlobalSection(ExtensibilityGlobals) = postSolution
		SolutionGuid = {CB7AF1D1-1717-4954-AF39-71986413F981}
	EndGlobalSection
EndGlobal
